
Microsoft Visual Studio Solution File, Format Version 12.00
# Visual Studio Version 17
VisualStudioVersion = 17.12.35514.174
MinimumVisualStudioVersion = 10.0.40219.1
Project("{2150E333-8FDC-42A3-9474-1A3956D46DE8}") = "Services", "Services", "{E475263B-371A-4CB4-BBF7-21A8BB00B908}"
EndProject
Project("{2150E333-8FDC-42A3-9474-1A3956D46DE8}") = "Catalog", "Catalog", "{D53E062B-CE06-47E7-BC5B-B1978F4CC342}"
EndProject
Project("{FAE04EC0-301F-11D3-BF4B-00C04F79EFBC}") = "Catalog.API", "Services\Catalog\Catalog.API\Catalog.API.csproj", "{C9F5DD14-8C6E-4F30-92C6-61ADE351F183}"
EndProject
Project("{FAE04EC0-301F-11D3-BF4B-00C04F79EFBC}") = "Catalog.Application", "Services\Catalog\Catalog.Application\Catalog.Application.csproj", "{C990BD08-F322-4E4B-ACCC-88D3EED81D83}"
EndProject
Project("{FAE04EC0-301F-11D3-BF4B-00C04F79EFBC}") = "Catalog.Core", "Services\Catalog\Catalog.Core\Catalog.Core.csproj", "{B11DF800-CA70-4171-BC3D-97164C24F49C}"
EndProject
Project("{FAE04EC0-301F-11D3-BF4B-00C04F79EFBC}") = "Catalog.Infrastructure", "Services\Catalog\Catalog.Infrastructure\Catalog.Infrastructure.csproj", "{98F11538-72A9-40C8-BC94-BC0D4EE608E6}"
EndProject
Global
	GlobalSection(SolutionConfigurationPlatforms) = preSolution
		Debug|Any CPU = Debug|Any CPU
		Release|Any CPU = Release|Any CPU
	EndGlobalSection
	GlobalSection(ProjectConfigurationPlatforms) = postSolution
		{C9F5DD14-8C6E-4F30-92C6-61ADE351F183}.Debug|Any CPU.ActiveCfg = Debug|Any CPU
		{C9F5DD14-8C6E-4F30-92C6-61ADE351F183}.Debug|Any CPU.Build.0 = Debug|Any CPU
		{C9F5DD14-8C6E-4F30-92C6-61ADE351F183}.Release|Any CPU.ActiveCfg = Release|Any CPU
		{C9F5DD14-8C6E-4F30-92C6-61ADE351F183}.Release|Any CPU.Build.0 = Release|Any CPU
		{C990BD08-F322-4E4B-ACCC-88D3EED81D83}.Debug|Any CPU.ActiveCfg = Debug|Any CPU
		{C990BD08-F322-4E4B-ACCC-88D3EED81D83}.Debug|Any CPU.Build.0 = Debug|Any CPU
		{C990BD08-F322-4E4B-ACCC-88D3EED81D83}.Release|Any CPU.ActiveCfg = Release|Any CPU
		{C990BD08-F322-4E4B-ACCC-88D3EED81D83}.Release|Any CPU.Build.0 = Release|Any CPU
		{B11DF800-CA70-4171-BC3D-97164C24F49C}.Debug|Any CPU.ActiveCfg = Debug|Any CPU
		{B11DF800-CA70-4171-BC3D-97164C24F49C}.Debug|Any CPU.Build.0 = Debug|Any CPU
		{B11DF800-CA70-4171-BC3D-97164C24F49C}.Release|Any CPU.ActiveCfg = Release|Any CPU
		{B11DF800-CA70-4171-BC3D-97164C24F49C}.Release|Any CPU.Build.0 = Release|Any CPU
		{98F11538-72A9-40C8-BC94-BC0D4EE608E6}.Debug|Any CPU.ActiveCfg = Debug|Any CPU
		{98F11538-72A9-40C8-BC94-BC0D4EE608E6}.Debug|Any CPU.Build.0 = Debug|Any CPU
		{98F11538-72A9-40C8-BC94-BC0D4EE608E6}.Release|Any CPU.ActiveCfg = Release|Any CPU
		{98F11538-72A9-40C8-BC94-BC0D4EE608E6}.Release|Any CPU.Build.0 = Release|Any CPU
	EndGlobalSection
	GlobalSection(SolutionProperties) = preSolution
		HideSolutionNode = FALSE
	EndGlobalSection
	GlobalSection(NestedProjects) = preSolution
		{D53E062B-CE06-47E7-BC5B-B1978F4CC342} = {E475263B-371A-4CB4-BBF7-21A8BB00B908}
		{C9F5DD14-8C6E-4F30-92C6-61ADE351F183} = {D53E062B-CE06-47E7-BC5B-B1978F4CC342}
		{C990BD08-F322-4E4B-ACCC-88D3EED81D83} = {D53E062B-CE06-47E7-BC5B-B1978F4CC342}
		{B11DF800-CA70-4171-BC3D-97164C24F49C} = {D53E062B-CE06-47E7-BC5B-B1978F4CC342}
		{98F11538-72A9-40C8-BC94-BC0D4EE608E6} = {D53E062B-CE06-47E7-BC5B-B1978F4CC342}
	EndGlobalSection
EndGlobal
